
Microsoft Visual Studio Solution File, Format Version 12.00
# Visual Studio 15
VisualStudioVersion = 15.0.27130.2020
MinimumVisualStudioVersion = 10.0.40219.1
Project("{FAE04EC0-301F-11D3-BF4B-00C04F79EFBC}") = "TestAPI", "TestAPI\TestAPI.csproj", "{71F8A513-F7C0-4048-8192-814FCCB4F7BE}"
EndProject
Global
	GlobalSection(SolutionConfigurationPlatforms) = preSolution
		Debug|Any CPU = Debug|Any CPU
		Release|Any CPU = Release|Any CPU
	EndGlobalSection
	GlobalSection(ProjectConfigurationPlatforms) = postSolution
		{71F8A513-F7C0-4048-8192-814FCCB4F7BE}.Debug|Any CPU.ActiveCfg = Debug|Any CPU
		{71F8A513-F7C0-4048-8192-814FCCB4F7BE}.Debug|Any CPU.Build.0 = Debug|Any CPU
		{71F8A513-F7C0-4048-8192-814FCCB4F7BE}.Release|Any CPU.ActiveCfg = Release|Any CPU
		{71F8A513-F7C0-4048-8192-814FCCB4F7BE}.Release|Any CPU.Build.0 = Release|Any CPU
	EndGlobalSection
	GlobalSection(SolutionProperties) = preSolution
		HideSolutionNode = FALSE
	EndGlobalSection
	GlobalSection(ExtensibilityGlobals) = postSolution
		SolutionGuid = {DA03005B-0B7C-48DA-9452-D00BC67BCDC8}
	EndGlobalSection
EndGlobal
